// !$*UTF8*$!
{
	archiveVersion = 1;
	classes = {
	};
	objectVersion = 56;
	objects = {

/* Begin PBXBuildFile section */
		759CF2112A5537AD008DDFAE /* AppDelegate.m in Sources */ = {isa = PBXBuildFile; fileRef = 759CF2102A5537AD008DDFAE /* AppDelegate.m */; };
		759CF2172A5537AD008DDFAE /* ViewController.m in Sources */ = {isa = PBXBuildFile; fileRef = 759CF2162A5537AD008DDFAE /* ViewController.m */; };
		759CF21A2A5537AD008DDFAE /* Main.storyboard in Resources */ = {isa = PBXBuildFile; fileRef = 759CF2182A5537AD008DDFAE /* Main.storyboard */; };
		759CF21C2A5537AD008DDFAE /* Assets.xcassets in Resources */ = {isa = PBXBuildFile; fileRef = 759CF21B2A5537AD008DDFAE /* Assets.xcassets */; };
		759CF21F2A5537AD008DDFAE /* LaunchScreen.storyboard in Resources */ = {isa = PBXBuildFile; fileRef = 759CF21D2A5537AD008DDFAE /* LaunchScreen.storyboard */; };
		759CF2222A5537AD008DDFAE /* main.m in Sources */ = {isa = PBXBuildFile; fileRef = 759CF2212A5537AD008DDFAE /* main.m */; };
		F391250648B103EE18F22671 /* Pods_Auropay_ObjC_Demo.framework in Frameworks */ = {isa = PBXBuildFile; fileRef = BE89067B5307A45718E0BCD6 /* Pods_Auropay_ObjC_Demo.framework */; };
/* End PBXBuildFile section */

/* Begin PBXCopyFilesBuildPhase section */
		759CF22C2A553D6B008DDFAE /* Embed Frameworks */ = {
			isa = PBXCopyFilesBuildPhase;
			buildActionMask = 2147483647;
			dstPath = "";
			dstSubfolderSpec = 10;
			files = (
			);
			name = "Embed Frameworks";
			runOnlyForDeploymentPostprocessing = 0;
		};
/* End PBXCopyFilesBuildPhase section */

/* Begin PBXFileReference section */
		2332444F577D8C920E57C438 /* Pods-Auropay ObjC Demo.release.xcconfig */ = {isa = PBXFileReference; includeInIndex = 1; lastKnownFileType = text.xcconfig; name = "Pods-Auropay ObjC Demo.release.xcconfig"; path = "Target Support Files/Pods-Auropay ObjC Demo/Pods-Auropay ObjC Demo.release.xcconfig"; sourceTree = "<group>"; };
		759CF20C2A5537AD008DDFAE /* Auropay ObjC Demo.app */ = {isa = PBXFileReference; explicitFileType = wrapper.application; includeInIndex = 0; path = "Auropay ObjC Demo.app"; sourceTree = BUILT_PRODUCTS_DIR; };
		759CF20F2A5537AD008DDFAE /* AppDelegate.h */ = {isa = PBXFileReference; lastKnownFileType = sourcecode.c.h; path = AppDelegate.h; sourceTree = "<group>"; };
		759CF2102A5537AD008DDFAE /* AppDelegate.m */ = {isa = PBXFileReference; lastKnownFileType = sourcecode.c.objc; path = AppDelegate.m; sourceTree = "<group>"; };
		759CF2152A5537AD008DDFAE /* ViewController.h */ = {isa = PBXFileReference; lastKnownFileType = sourcecode.c.h; path = ViewController.h; sourceTree = "<group>"; };
		759CF2162A5537AD008DDFAE /* ViewController.m */ = {isa = PBXFileReference; lastKnownFileType = sourcecode.c.objc; path = ViewController.m; sourceTree = "<group>"; };
		759CF2192A5537AD008DDFAE /* Base */ = {isa = PBXFileReference; lastKnownFileType = file.storyboard; name = Base; path = Base.lproj/Main.storyboard; sourceTree = "<group>"; };
		759CF21B2A5537AD008DDFAE /* Assets.xcassets */ = {isa = PBXFileReference; lastKnownFileType = folder.assetcatalog; path = Assets.xcassets; sourceTree = "<group>"; };
		759CF21E2A5537AD008DDFAE /* Base */ = {isa = PBXFileReference; lastKnownFileType = file.storyboard; name = Base; path = Base.lproj/LaunchScreen.storyboard; sourceTree = "<group>"; };
		759CF2202A5537AD008DDFAE /* Info.plist */ = {isa = PBXFileReference; lastKnownFileType = text.plist.xml; path = Info.plist; sourceTree = "<group>"; };
		759CF2212A5537AD008DDFAE /* main.m */ = {isa = PBXFileReference; lastKnownFileType = sourcecode.c.objc; path = main.m; sourceTree = "<group>"; };
		7B728335B0E04042D598753F /* Pods-Auropay ObjC Demo.debug.xcconfig */ = {isa = PBXFileReference; includeInIndex = 1; lastKnownFileType = text.xcconfig; name = "Pods-Auropay ObjC Demo.debug.xcconfig"; path = "Target Support Files/Pods-Auropay ObjC Demo/Pods-Auropay ObjC Demo.debug.xcconfig"; sourceTree = "<group>"; };
		BE89067B5307A45718E0BCD6 /* Pods_Auropay_ObjC_Demo.framework */ = {isa = PBXFileReference; explicitFileType = wrapper.framework; includeInIndex = 0; path = Pods_Auropay_ObjC_Demo.framework; sourceTree = BUILT_PRODUCTS_DIR; };
/* End PBXFileReference section */

/* Begin PBXFrameworksBuildPhase section */
		759CF2092A5537AD008DDFAE /* Frameworks */ = {
			isa = PBXFrameworksBuildPhase;
			buildActionMask = 2147483647;
			files = (
				F391250648B103EE18F22671 /* Pods_Auropay_ObjC_Demo.framework in Frameworks */,
			);
			runOnlyForDeploymentPostprocessing = 0;
		};
/* End PBXFrameworksBuildPhase section */

/* Begin PBXGroup section */
		5AA9A00E29459281F818945D /* Frameworks */ = {
			isa = PBXGroup;
			children = (
				BE89067B5307A45718E0BCD6 /* Pods_Auropay_ObjC_Demo.framework */,
			);
			name = Frameworks;
			sourceTree = "<group>";
		};
		759CF2032A5537AD008DDFAE = {
			isa = PBXGroup;
			children = (
				759CF20E2A5537AD008DDFAE /* Auropay ObjC Demo */,
				759CF20D2A5537AD008DDFAE /* Products */,
				C7FBBD5EB8C70D2F64E8BF78 /* Pods */,
				5AA9A00E29459281F818945D /* Frameworks */,
			);
			sourceTree = "<group>";
		};
		759CF20D2A5537AD008DDFAE /* Products */ = {
			isa = PBXGroup;
			children = (
				759CF20C2A5537AD008DDFAE /* Auropay ObjC Demo.app */,
			);
			name = Products;
			sourceTree = "<group>";
		};
		759CF20E2A5537AD008DDFAE /* Auropay ObjC Demo */ = {
			isa = PBXGroup;
			children = (
				759CF20F2A5537AD008DDFAE /* AppDelegate.h */,
				759CF2102A5537AD008DDFAE /* AppDelegate.m */,
				759CF2152A5537AD008DDFAE /* ViewController.h */,
				759CF2162A5537AD008DDFAE /* ViewController.m */,
				759CF2182A5537AD008DDFAE /* Main.storyboard */,
				759CF21B2A5537AD008DDFAE /* Assets.xcassets */,
				759CF21D2A5537AD008DDFAE /* LaunchScreen.storyboard */,
				759CF2202A5537AD008DDFAE /* Info.plist */,
				759CF2212A5537AD008DDFAE /* main.m */,
			);
			path = "Auropay ObjC Demo";
			sourceTree = "<group>";
		};
		C7FBBD5EB8C70D2F64E8BF78 /* Pods */ = {
			isa = PBXGroup;
			children = (
				7B728335B0E04042D598753F /* Pods-Auropay ObjC Demo.debug.xcconfig */,
				2332444F577D8C920E57C438 /* Pods-Auropay ObjC Demo.release.xcconfig */,
			);
			path = Pods;
			sourceTree = "<group>";
		};
/* End PBXGroup section */

/* Begin PBXNativeTarget section */
		759CF20B2A5537AD008DDFAE /* Auropay ObjC Demo */ = {
			isa = PBXNativeTarget;
			buildConfigurationList = 759CF2252A5537AD008DDFAE /* Build configuration list for PBXNativeTarget "Auropay ObjC Demo" */;
			buildPhases = (
				1244D28D2670AD552F2C0A37 /* [CP] Check Pods Manifest.lock */,
				759CF2082A5537AD008DDFAE /* Sources */,
				759CF2092A5537AD008DDFAE /* Frameworks */,
				759CF20A2A5537AD008DDFAE /* Resources */,
				848A68617A279247BE889854 /* [CP] Embed Pods Frameworks */,
				759CF22C2A553D6B008DDFAE /* Embed Frameworks */,
			);
			buildRules = (
			);
			dependencies = (
			);
			name = "Auropay ObjC Demo";
			productName = "Auropay ObjC Demo";
			productReference = 759CF20C2A5537AD008DDFAE /* Auropay ObjC Demo.app */;
			productType = "com.apple.product-type.application";
		};
/* End PBXNativeTarget section */

/* Begin PBXProject section */
		759CF2042A5537AD008DDFAE /* Project object */ = {
			isa = PBXProject;
			attributes = {
				BuildIndependentTargetsInParallel = 1;
				LastUpgradeCheck = 1410;
				TargetAttributes = {
					759CF20B2A5537AD008DDFAE = {
						CreatedOnToolsVersion = 14.1;
					};
				};
			};
			buildConfigurationList = 759CF2072A5537AD008DDFAE /* Build configuration list for PBXProject "Auropay ObjC Demo" */;
			compatibilityVersion = "Xcode 14.0";
			developmentRegion = en;
			hasScannedForEncodings = 0;
			knownRegions = (
				en,
				Base,
			);
			mainGroup = 759CF2032A5537AD008DDFAE;
			productRefGroup = 759CF20D2A5537AD008DDFAE /* Products */;
			projectDirPath = "";
			projectRoot = "";
			targets = (
				759CF20B2A5537AD008DDFAE /* Auropay ObjC Demo */,
			);
		};
/* End PBXProject section */

/* Begin PBXResourcesBuildPhase section */
		759CF20A2A5537AD008DDFAE /* Resources */ = {
			isa = PBXResourcesBuildPhase;
			buildActionMask = 2147483647;
			files = (
				759CF21F2A5537AD008DDFAE /* LaunchScreen.storyboard in Resources */,
				759CF21C2A5537AD008DDFAE /* Assets.xcassets in Resources */,
				759CF21A2A5537AD008DDFAE /* Main.storyboard in Resources */,
			);
			runOnlyForDeploymentPostprocessing = 0;
		};
/* End PBXResourcesBuildPhase section */

/* Begin PBXShellScriptBuildPhase section */
		1244D28D2670AD552F2C0A37 /* [CP] Check Pods Manifest.lock */ = {
			isa = PBXShellScriptBuildPhase;
			buildActionMask = 2147483647;
			files = (
			);
			inputFileListPaths = (
			);
			inputPaths = (
				"${PODS_PODFILE_DIR_PATH}/Podfile.lock",
				"${PODS_ROOT}/Manifest.lock",
			);
			name = "[CP] Check Pods Manifest.lock";
			outputFileListPaths = (
			);
			outputPaths = (
				"$(DERIVED_FILE_DIR)/Pods-Auropay ObjC Demo-checkManifestLockResult.txt",
			);
			runOnlyForDeploymentPostprocessing = 0;
			shellPath = /bin/sh;
			shellScript = "diff \"${PODS_PODFILE_DIR_PATH}/Podfile.lock\" \"${PODS_ROOT}/Manifest.lock\" > /dev/null\nif [ $? != 0 ] ; then\n    # print error to STDERR\n    echo \"error: The sandbox is not in sync with the Podfile.lock. Run 'pod install' or update your CocoaPods installation.\" >&2\n    exit 1\nfi\n# This output is used by Xcode 'outputs' to avoid re-running this script phase.\necho \"SUCCESS\" > \"${SCRIPT_OUTPUT_FILE_0}\"\n";
			showEnvVarsInLog = 0;
		};
		848A68617A279247BE889854 /* [CP] Embed Pods Frameworks */ = {
			isa = PBXShellScriptBuildPhase;
			buildActionMask = 2147483647;
			files = (
			);
			inputFileListPaths = (
				"${PODS_ROOT}/Target Support Files/Pods-Auropay ObjC Demo/Pods-Auropay ObjC Demo-frameworks-${CONFIGURATION}-input-files.xcfilelist",
			);
			name = "[CP] Embed Pods Frameworks";
			outputFileListPaths = (
				"${PODS_ROOT}/Target Support Files/Pods-Auropay ObjC Demo/Pods-Auropay ObjC Demo-frameworks-${CONFIGURATION}-output-files.xcfilelist",
			);
			runOnlyForDeploymentPostprocessing = 0;
			shellPath = /bin/sh;
			shellScript = "\"${PODS_ROOT}/Target Support Files/Pods-Auropay ObjC Demo/Pods-Auropay ObjC Demo-frameworks.sh\"\n";
			showEnvVarsInLog = 0;
		};
/* End PBXShellScriptBuildPhase section */

/* Begin PBXSourcesBuildPhase section */
		759CF2082A5537AD008DDFAE /* Sources */ = {
			isa = PBXSourcesBuildPhase;
			buildActionMask = 2147483647;
			files = (
				759CF2172A5537AD008DDFAE /* ViewController.m in Sources */,
				759CF2112A5537AD008DDFAE /* AppDelegate.m in Sources */,
				759CF2222A5537AD008DDFAE /* main.m in Sources */,
			);
			runOnlyForDeploymentPostprocessing = 0;
		};
/* End PBXSourcesBuildPhase section */

/* Begin PBXVariantGroup section */
		759CF2182A5537AD008DDFAE /* Main.storyboard */ = {
			isa = PBXVariantGroup;
			children = (
				759CF2192A5537AD008DDFAE /* Base */,
			);
			name = Main.storyboard;
			sourceTree = "<group>";
		};
		759CF21D2A5537AD008DDFAE /* LaunchScreen.storyboard */ = {
			isa = PBXVariantGroup;
			children = (
				759CF21E2A5537AD008DDFAE /* Base */,
			);
			name = LaunchScreen.storyboard;
			sourceTree = "<group>";
		};
/* End PBXVariantGroup section */

/* Begin XCBuildConfiguration section */
		759CF2232A5537AD008DDFAE /* Debug */ = {
			isa = XCBuildConfiguration;
			buildSettings = {
				ALWAYS_SEARCH_USER_PATHS = NO;
				CLANG_ANALYZER_NONNULL = YES;
				CLANG_ANALYZER_NUMBER_OBJECT_CONVERSION = YES_AGGRESSIVE;
				CLANG_CXX_LANGUAGE_STANDARD = "gnu++20";
				CLANG_ENABLE_MODULES = YES;
				CLANG_ENABLE_OBJC_ARC = YES;
				CLANG_ENABLE_OBJC_WEAK = YES;
				CLANG_WARN_BLOCK_CAPTURE_AUTORELEASING = YES;
				CLANG_WARN_BOOL_CONVERSION = YES;
				CLANG_WARN_COMMA = YES;
				CLANG_WARN_CONSTANT_CONVERSION = YES;
				CLANG_WARN_DEPRECATED_OBJC_IMPLEMENTATIONS = YES;
				CLANG_WARN_DIRECT_OBJC_ISA_USAGE = YES_ERROR;
				CLANG_WARN_DOCUMENTATION_COMMENTS = YES;
				CLANG_WARN_EMPTY_BODY = YES;
				CLANG_WARN_ENUM_CONVERSION = YES;
				CLANG_WARN_INFINITE_RECURSION = YES;
				CLANG_WARN_INT_CONVERSION = YES;
				CLANG_WARN_NON_LITERAL_NULL_CONVERSION = YES;
				CLANG_WARN_OBJC_IMPLICIT_RETAIN_SELF = YES;
				CLANG_WARN_OBJC_LITERAL_CONVERSION = YES;
				CLANG_WARN_OBJC_ROOT_CLASS = YES_ERROR;
				CLANG_WARN_QUOTED_INCLUDE_IN_FRAMEWORK_HEADER = YES;
				CLANG_WARN_RANGE_LOOP_ANALYSIS = YES;
				CLANG_WARN_STRICT_PROTOTYPES = YES;
				CLANG_WARN_SUSPICIOUS_MOVE = YES;
				CLANG_WARN_UNGUARDED_AVAILABILITY = YES_AGGRESSIVE;
				CLANG_WARN_UNREACHABLE_CODE = YES;
				CLANG_WARN__DUPLICATE_METHOD_MATCH = YES;
				COPY_PHASE_STRIP = NO;
				DEBUG_INFORMATION_FORMAT = dwarf;
				ENABLE_STRICT_OBJC_MSGSEND = YES;
				ENABLE_TESTABILITY = YES;
				GCC_C_LANGUAGE_STANDARD = gnu11;
				GCC_DYNAMIC_NO_PIC = NO;
				GCC_NO_COMMON_BLOCKS = YES;
				GCC_OPTIMIZATION_LEVEL = 0;
				GCC_PREPROCESSOR_DEFINITIONS = (
					"DEBUG=1",
					"$(inherited)",
				);
				GCC_WARN_64_TO_32_BIT_CONVERSION = YES;
				GCC_WARN_ABOUT_RETURN_TYPE = YES_ERROR;
				GCC_WARN_UNDECLARED_SELECTOR = YES;
				GCC_WARN_UNINITIALIZED_AUTOS = YES_AGGRESSIVE;
				GCC_WARN_UNUSED_FUNCTION = YES;
				GCC_WARN_UNUSED_VARIABLE = YES;
				IPHONEOS_DEPLOYMENT_TARGET = 16.1;
				MTL_ENABLE_DEBUG_INFO = INCLUDE_SOURCE;
				MTL_FAST_MATH = YES;
				ONLY_ACTIVE_ARCH = YES;
				SDKROOT = iphoneos;
			};
			name = Debug;
		};
		759CF2242A5537AD008DDFAE /* Release */ = {
			isa = XCBuildConfiguration;
			buildSettings = {
				ALWAYS_SEARCH_USER_PATHS = NO;
				CLANG_ANALYZER_NONNULL = YES;
				CLANG_ANALYZER_NUMBER_OBJECT_CONVERSION = YES_AGGRESSIVE;
				CLANG_CXX_LANGUAGE_STANDARD = "gnu++20";
				CLANG_ENABLE_MODULES = YES;
				CLANG_ENABLE_OBJC_ARC = YES;
				CLANG_ENABLE_OBJC_WEAK = YES;
				CLANG_WARN_BLOCK_CAPTURE_AUTORELEASING = YES;
				CLANG_WARN_BOOL_CONVERSION = YES;
				CLANG_WARN_COMMA = YES;
				CLANG_WARN_CONSTANT_CONVERSION = YES;
				CLANG_WARN_DEPRECATED_OBJC_IMPLEMENTATIONS = YES;
				CLANG_WARN_DIRECT_OBJC_ISA_USAGE = YES_ERROR;
				CLANG_WARN_DOCUMENTATION_COMMENTS = YES;
				CLANG_WARN_EMPTY_BODY = YES;
				CLANG_WARN_ENUM_CONVERSION = YES;
				CLANG_WARN_INFINITE_RECURSION = YES;
				CLANG_WARN_INT_CONVERSION = YES;
				CLANG_WARN_NON_LITERAL_NULL_CONVERSION = YES;
				CLANG_WARN_OBJC_IMPLICIT_RETAIN_SELF = YES;
				CLANG_WARN_OBJC_LITERAL_CONVERSION = YES;
				CLANG_WARN_OBJC_ROOT_CLASS = YES_ERROR;
				CLANG_WARN_QUOTED_INCLUDE_IN_FRAMEWORK_HEADER = YES;
				CLANG_WARN_RANGE_LOOP_ANALYSIS = YES;
				CLANG_WARN_STRICT_PROTOTYPES = YES;
				CLANG_WARN_SUSPICIOUS_MOVE = YES;
				CLANG_WARN_UNGUARDED_AVAILABILITY = YES_AGGRESSIVE;
				CLANG_WARN_UNREACHABLE_CODE = YES;
				CLANG_WARN__DUPLICATE_METHOD_MATCH = YES;
				COPY_PHASE_STRIP = NO;
				DEBUG_INFORMATION_FORMAT = "dwarf-with-dsym";
				ENABLE_NS_ASSERTIONS = NO;
				ENABLE_STRICT_OBJC_MSGSEND = YES;
				GCC_C_LANGUAGE_STANDARD = gnu11;
				GCC_NO_COMMON_BLOCKS = YES;
				GCC_WARN_64_TO_32_BIT_CONVERSION = YES;
				GCC_WARN_ABOUT_RETURN_TYPE = YES_ERROR;
				GCC_WARN_UNDECLARED_SELECTOR = YES;
				GCC_WARN_UNINITIALIZED_AUTOS = YES_AGGRESSIVE;
				GCC_WARN_UNUSED_FUNCTION = YES;
				GCC_WARN_UNUSED_VARIABLE = YES;
				IPHONEOS_DEPLOYMENT_TARGET = 16.1;
				MTL_ENABLE_DEBUG_INFO = NO;
				MTL_FAST_MATH = YES;
				SDKROOT = iphoneos;
				VALIDATE_PRODUCT = YES;
			};
			name = Release;
		};
		759CF2262A5537AD008DDFAE /* Debug */ = {
			isa = XCBuildConfiguration;
			baseConfigurationReference = 7B728335B0E04042D598753F /* Pods-Auropay ObjC Demo.debug.xcconfig */;
			buildSettings = {
				ALWAYS_EMBED_SWIFT_STANDARD_LIBRARIES = YES;
				ASSETCATALOG_COMPILER_APPICON_NAME = AppIcon;
				ASSETCATALOG_COMPILER_GLOBAL_ACCENT_COLOR_NAME = AccentColor;
				CODE_SIGN_IDENTITY = "Apple Development";
				CODE_SIGN_STYLE = Automatic;
				CURRENT_PROJECT_VERSION = 1;
				DEVELOPMENT_TEAM = "";
				GENERATE_INFOPLIST_FILE = YES;
				INFOPLIST_FILE = "Auropay ObjC Demo/Info.plist";
				INFOPLIST_KEY_NSCameraUsageDescription = "$(PRODUCT_NAME) wants to use camera to scan card details.";
				INFOPLIST_KEY_UIApplicationSupportsIndirectInputEvents = YES;
				INFOPLIST_KEY_UILaunchStoryboardName = LaunchScreen;
				INFOPLIST_KEY_UIMainStoryboardFile = Main;
				INFOPLIST_KEY_UISupportedInterfaceOrientations_iPad = "UIInterfaceOrientationPortrait UIInterfaceOrientationPortraitUpsideDown UIInterfaceOrientationLandscapeLeft UIInterfaceOrientationLandscapeRight";
				INFOPLIST_KEY_UISupportedInterfaceOrientations_iPhone = "UIInterfaceOrientationPortrait UIInterfaceOrientationLandscapeLeft UIInterfaceOrientationLandscapeRight";
				INFOPLIST_KEY_UIUserInterfaceStyle = Light;
				IPHONEOS_DEPLOYMENT_TARGET = 13.0;
				LD_RUNPATH_SEARCH_PATHS = (
					"$(inherited)",
					"@executable_path/Frameworks",
				);
				MARKETING_VERSION = 1.0;
				PRODUCT_BUNDLE_IDENTIFIER = com.aurionpro.objcdemo;
				PRODUCT_NAME = "$(TARGET_NAME)";
				PROVISIONING_PROFILE_SPECIFIER = "";
				SUPPORTED_PLATFORMS = "iphoneos iphonesimulator";
				SUPPORTS_MACCATALYST = NO;
				SUPPORTS_MAC_DESIGNED_FOR_IPHONE_IPAD = NO;
				SWIFT_EMIT_LOC_STRINGS = YES;
				TARGETED_DEVICE_FAMILY = 1;
			};
			name = Debug;
		};
		759CF2272A5537AD008DDFAE /* Release */ = {
			isa = XCBuildConfiguration;
			baseConfigurationReference = 2332444F577D8C920E57C438 /* Pods-Auropay ObjC Demo.release.xcconfig */;
			buildSettings = {
				ALWAYS_EMBED_SWIFT_STANDARD_LIBRARIES = YES;
				ASSETCATALOG_COMPILER_APPICON_NAME = AppIcon;
				ASSETCATALOG_COMPILER_GLOBAL_ACCENT_COLOR_NAME = AccentColor;
				CODE_SIGN_IDENTITY = "Apple Development";
				CODE_SIGN_STYLE = Automatic;
				CURRENT_PROJECT_VERSION = 1;
				DEVELOPMENT_TEAM = "";
				GENERATE_INFOPLIST_FILE = YES;
				INFOPLIST_FILE = "Auropay ObjC Demo/Info.plist";
				INFOPLIST_KEY_NSCameraUsageDescription = "$(PRODUCT_NAME) wants to use camera to scan card details.";
				INFOPLIST_KEY_UIApplicationSupportsIndirectInputEvents = YES;
				INFOPLIST_KEY_UILaunchStoryboardName = LaunchScreen;
				INFOPLIST_KEY_UIMainStoryboardFile = Main;
				INFOPLIST_KEY_UISupportedInterfaceOrientations_iPad = "UIInterfaceOrientationPortrait UIInterfaceOrientationPortraitUpsideDown UIInterfaceOrientationLandscapeLeft UIInterfaceOrientationLandscapeRight";
				INFOPLIST_KEY_UISupportedInterfaceOrientations_iPhone = "UIInterfaceOrientationPortrait UIInterfaceOrientationLandscapeLeft UIInterfaceOrientationLandscapeRight";
				INFOPLIST_KEY_UIUserInterfaceStyle = Light;
				IPHONEOS_DEPLOYMENT_TARGET = 13.0;
				LD_RUNPATH_SEARCH_PATHS = (
					"$(inherited)",
					"@executable_path/Frameworks",
				);
				MARKETING_VERSION = 1.0;
				PRODUCT_BUNDLE_IDENTIFIER = com.aurionpro.objcdemo;
				PRODUCT_NAME = "$(TARGET_NAME)";
				PROVISIONING_PROFILE_SPECIFIER = "";
				SUPPORTED_PLATFORMS = "iphoneos iphonesimulator";
				SUPPORTS_MACCATALYST = NO;
				SUPPORTS_MAC_DESIGNED_FOR_IPHONE_IPAD = NO;
				SWIFT_EMIT_LOC_STRINGS = YES;
				TARGETED_DEVICE_FAMILY = 1;
			};
			name = Release;
		};
/* End XCBuildConfiguration section */

/* Begin XCConfigurationList section */
		759CF2072A5537AD008DDFAE /* Build configuration list for PBXProject "Auropay ObjC Demo" */ = {
			isa = XCConfigurationList;
			buildConfigurations = (
				759CF2232A5537AD008DDFAE /* Debug */,
				759CF2242A5537AD008DDFAE /* Release */,
			);
			defaultConfigurationIsVisible = 0;
			defaultConfigurationName = Release;
		};
		759CF2252A5537AD008DDFAE /* Build configuration list for PBXNativeTarget "Auropay ObjC Demo" */ = {
			isa = XCConfigurationList;
			buildConfigurations = (
				759CF2262A5537AD008DDFAE /* Debug */,
				759CF2272A5537AD008DDFAE /* Release */,
			);
			defaultConfigurationIsVisible = 0;
			defaultConfigurationName = Release;
		};
/* End XCConfigurationList section */
	};
	rootObject = 759CF2042A5537AD008DDFAE /* Project object */;
}
