// !$*UTF8*$!
{
	archiveVersion = 1;
	classes = {
	};
	objectVersion = 56;
	objects = {

/* Begin PBXBuildFile section */
		75192AD72A53FD1700A22E55 /* AppDelegate.swift in Sources */ = {isa = PBXBuildFile; fileRef = 75192AD62A53FD1700A22E55 /* AppDelegate.swift */; };
		75192AD92A53FD1700A22E55 /* SceneDelegate.swift in Sources */ = {isa = PBXBuildFile; fileRef = 75192AD82A53FD1700A22E55 /* SceneDelegate.swift */; };
		75192ADB2A53FD1700A22E55 /* ViewController.swift in Sources */ = {isa = PBXBuildFile; fileRef = 75192ADA2A53FD1700A22E55 /* ViewController.swift */; };
		75192ADE2A53FD1700A22E55 /* Main.storyboard in Resources */ = {isa = PBXBuildFile; fileRef = 75192ADC2A53FD1700A22E55 /* Main.storyboard */; };
		75192AE02A53FD1900A22E55 /* Assets.xcassets in Resources */ = {isa = PBXBuildFile; fileRef = 75192ADF2A53FD1900A22E55 /* Assets.xcassets */; };
		75192AE32A53FD1900A22E55 /* LaunchScreen.storyboard in Resources */ = {isa = PBXBuildFile; fileRef = 75192AE12A53FD1900A22E55 /* LaunchScreen.storyboard */; };
		FBB428B844B4EF9E45A3CF76 /* Pods_Auropay_Swift_DemoApp.framework in Frameworks */ = {isa = PBXBuildFile; fileRef = 89F3B1DF16809EA7E6950415 /* Pods_Auropay_Swift_DemoApp.framework */; };
/* End PBXBuildFile section */

/* Begin PBXCopyFilesBuildPhase section */
		75192AEE2A5411AF00A22E55 /* Embed Frameworks */ = {
			isa = PBXCopyFilesBuildPhase;
			buildActionMask = 2147483647;
			dstPath = "";
			dstSubfolderSpec = 10;
			files = (
			);
			name = "Embed Frameworks";
			runOnlyForDeploymentPostprocessing = 0;
		};
/* End PBXCopyFilesBuildPhase section */

/* Begin PBXFileReference section */
		75192AD32A53FD1700A22E55 /* Auropay Swift DemoApp.app */ = {isa = PBXFileReference; explicitFileType = wrapper.application; includeInIndex = 0; path = "Auropay Swift DemoApp.app"; sourceTree = BUILT_PRODUCTS_DIR; };
		75192AD62A53FD1700A22E55 /* AppDelegate.swift */ = {isa = PBXFileReference; lastKnownFileType = sourcecode.swift; path = AppDelegate.swift; sourceTree = "<group>"; };
		75192AD82A53FD1700A22E55 /* SceneDelegate.swift */ = {isa = PBXFileReference; lastKnownFileType = sourcecode.swift; path = SceneDelegate.swift; sourceTree = "<group>"; };
		75192ADA2A53FD1700A22E55 /* ViewController.swift */ = {isa = PBXFileReference; lastKnownFileType = sourcecode.swift; path = ViewController.swift; sourceTree = "<group>"; };
		75192ADD2A53FD1700A22E55 /* Base */ = {isa = PBXFileReference; lastKnownFileType = file.storyboard; name = Base; path = Base.lproj/Main.storyboard; sourceTree = "<group>"; };
		75192ADF2A53FD1900A22E55 /* Assets.xcassets */ = {isa = PBXFileReference; lastKnownFileType = folder.assetcatalog; path = Assets.xcassets; sourceTree = "<group>"; };
		75192AE22A53FD1900A22E55 /* Base */ = {isa = PBXFileReference; lastKnownFileType = file.storyboard; name = Base; path = Base.lproj/LaunchScreen.storyboard; sourceTree = "<group>"; };
		75192AE42A53FD1900A22E55 /* Info.plist */ = {isa = PBXFileReference; lastKnownFileType = text.plist.xml; path = Info.plist; sourceTree = "<group>"; };
		77834FCE5D02376E74749E05 /* Pods-Auropay Swift DemoApp.debug.xcconfig */ = {isa = PBXFileReference; includeInIndex = 1; lastKnownFileType = text.xcconfig; name = "Pods-Auropay Swift DemoApp.debug.xcconfig"; path = "Target Support Files/Pods-Auropay Swift DemoApp/Pods-Auropay Swift DemoApp.debug.xcconfig"; sourceTree = "<group>"; };
		89F3B1DF16809EA7E6950415 /* Pods_Auropay_Swift_DemoApp.framework */ = {isa = PBXFileReference; explicitFileType = wrapper.framework; includeInIndex = 0; path = Pods_Auropay_Swift_DemoApp.framework; sourceTree = BUILT_PRODUCTS_DIR; };
		9049815143F5D18459BE0801 /* Pods-Auropay Swift DemoApp.release.xcconfig */ = {isa = PBXFileReference; includeInIndex = 1; lastKnownFileType = text.xcconfig; name = "Pods-Auropay Swift DemoApp.release.xcconfig"; path = "Target Support Files/Pods-Auropay Swift DemoApp/Pods-Auropay Swift DemoApp.release.xcconfig"; sourceTree = "<group>"; };
/* End PBXFileReference section */

/* Begin PBXFrameworksBuildPhase section */
		75192AD02A53FD1700A22E55 /* Frameworks */ = {
			isa = PBXFrameworksBuildPhase;
			buildActionMask = 2147483647;
			files = (
				FBB428B844B4EF9E45A3CF76 /* Pods_Auropay_Swift_DemoApp.framework in Frameworks */,
			);
			runOnlyForDeploymentPostprocessing = 0;
		};
/* End PBXFrameworksBuildPhase section */

/* Begin PBXGroup section */
		75192ACA2A53FD1700A22E55 = {
			isa = PBXGroup;
			children = (
				75192AD52A53FD1700A22E55 /* Auropay Swift DemoApp */,
				75192AD42A53FD1700A22E55 /* Products */,
				C40F115D7CDCFB7390E18ABC /* Pods */,
				8210C488AFE7A25412BB38C6 /* Frameworks */,
			);
			sourceTree = "<group>";
		};
		75192AD42A53FD1700A22E55 /* Products */ = {
			isa = PBXGroup;
			children = (
				75192AD32A53FD1700A22E55 /* Auropay Swift DemoApp.app */,
			);
			name = Products;
			sourceTree = "<group>";
		};
		75192AD52A53FD1700A22E55 /* Auropay Swift DemoApp */ = {
			isa = PBXGroup;
			children = (
				75192AD62A53FD1700A22E55 /* AppDelegate.swift */,
				75192AD82A53FD1700A22E55 /* SceneDelegate.swift */,
				75192ADA2A53FD1700A22E55 /* ViewController.swift */,
				75192ADC2A53FD1700A22E55 /* Main.storyboard */,
				75192ADF2A53FD1900A22E55 /* Assets.xcassets */,
				75192AE12A53FD1900A22E55 /* LaunchScreen.storyboard */,
				75192AE42A53FD1900A22E55 /* Info.plist */,
			);
			path = "Auropay Swift DemoApp";
			sourceTree = "<group>";
		};
		8210C488AFE7A25412BB38C6 /* Frameworks */ = {
			isa = PBXGroup;
			children = (
				89F3B1DF16809EA7E6950415 /* Pods_Auropay_Swift_DemoApp.framework */,
			);
			name = Frameworks;
			sourceTree = "<group>";
		};
		C40F115D7CDCFB7390E18ABC /* Pods */ = {
			isa = PBXGroup;
			children = (
				77834FCE5D02376E74749E05 /* Pods-Auropay Swift DemoApp.debug.xcconfig */,
				9049815143F5D18459BE0801 /* Pods-Auropay Swift DemoApp.release.xcconfig */,
			);
			path = Pods;
			sourceTree = "<group>";
		};
/* End PBXGroup section */

/* Begin PBXNativeTarget section */
		75192AD22A53FD1700A22E55 /* Auropay Swift DemoApp */ = {
			isa = PBXNativeTarget;
			buildConfigurationList = 75192AE72A53FD1900A22E55 /* Build configuration list for PBXNativeTarget "Auropay Swift DemoApp" */;
			buildPhases = (
				D35716975F1022F18717ECDB /* [CP] Check Pods Manifest.lock */,
				75192ACF2A53FD1700A22E55 /* Sources */,
				75192AD02A53FD1700A22E55 /* Frameworks */,
				75192AD12A53FD1700A22E55 /* Resources */,
				75192AEE2A5411AF00A22E55 /* Embed Frameworks */,
				CF5B3CB3EFA0D804126E6C3A /* [CP] Embed Pods Frameworks */,
			);
			buildRules = (
			);
			dependencies = (
			);
			name = "Auropay Swift DemoApp";
			productName = "Auropay Swift DemoApp";
			productReference = 75192AD32A53FD1700A22E55 /* Auropay Swift DemoApp.app */;
			productType = "com.apple.product-type.application";
		};
/* End PBXNativeTarget section */

/* Begin PBXProject section */
		75192ACB2A53FD1700A22E55 /* Project object */ = {
			isa = PBXProject;
			attributes = {
				BuildIndependentTargetsInParallel = 1;
				LastSwiftUpdateCheck = 1410;
				LastUpgradeCheck = 1410;
				TargetAttributes = {
					75192AD22A53FD1700A22E55 = {
						CreatedOnToolsVersion = 14.1;
					};
				};
			};
			buildConfigurationList = 75192ACE2A53FD1700A22E55 /* Build configuration list for PBXProject "Auropay Swift DemoApp" */;
			compatibilityVersion = "Xcode 14.0";
			developmentRegion = en;
			hasScannedForEncodings = 0;
			knownRegions = (
				en,
				Base,
			);
			mainGroup = 75192ACA2A53FD1700A22E55;
			productRefGroup = 75192AD42A53FD1700A22E55 /* Products */;
			projectDirPath = "";
			projectRoot = "";
			targets = (
				75192AD22A53FD1700A22E55 /* Auropay Swift DemoApp */,
			);
		};
/* End PBXProject section */

/* Begin PBXResourcesBuildPhase section */
		75192AD12A53FD1700A22E55 /* Resources */ = {
			isa = PBXResourcesBuildPhase;
			buildActionMask = 2147483647;
			files = (
				75192AE32A53FD1900A22E55 /* LaunchScreen.storyboard in Resources */,
				75192AE02A53FD1900A22E55 /* Assets.xcassets in Resources */,
				75192ADE2A53FD1700A22E55 /* Main.storyboard in Resources */,
			);
			runOnlyForDeploymentPostprocessing = 0;
		};
/* End PBXResourcesBuildPhase section */

/* Begin PBXShellScriptBuildPhase section */
		CF5B3CB3EFA0D804126E6C3A /* [CP] Embed Pods Frameworks */ = {
			isa = PBXShellScriptBuildPhase;
			buildActionMask = 2147483647;
			files = (
			);
			inputFileListPaths = (
				"${PODS_ROOT}/Target Support Files/Pods-Auropay Swift DemoApp/Pods-Auropay Swift DemoApp-frameworks-${CONFIGURATION}-input-files.xcfilelist",
			);
			name = "[CP] Embed Pods Frameworks";
			outputFileListPaths = (
				"${PODS_ROOT}/Target Support Files/Pods-Auropay Swift DemoApp/Pods-Auropay Swift DemoApp-frameworks-${CONFIGURATION}-output-files.xcfilelist",
			);
			runOnlyForDeploymentPostprocessing = 0;
			shellPath = /bin/sh;
			shellScript = "\"${PODS_ROOT}/Target Support Files/Pods-Auropay Swift DemoApp/Pods-Auropay Swift DemoApp-frameworks.sh\"\n";
			showEnvVarsInLog = 0;
		};
		D35716975F1022F18717ECDB /* [CP] Check Pods Manifest.lock */ = {
			isa = PBXShellScriptBuildPhase;
			buildActionMask = 2147483647;
			files = (
			);
			inputFileListPaths = (
			);
			inputPaths = (
				"${PODS_PODFILE_DIR_PATH}/Podfile.lock",
				"${PODS_ROOT}/Manifest.lock",
			);
			name = "[CP] Check Pods Manifest.lock";
			outputFileListPaths = (
			);
			outputPaths = (
				"$(DERIVED_FILE_DIR)/Pods-Auropay Swift DemoApp-checkManifestLockResult.txt",
			);
			runOnlyForDeploymentPostprocessing = 0;
			shellPath = /bin/sh;
			shellScript = "diff \"${PODS_PODFILE_DIR_PATH}/Podfile.lock\" \"${PODS_ROOT}/Manifest.lock\" > /dev/null\nif [ $? != 0 ] ; then\n    # print error to STDERR\n    echo \"error: The sandbox is not in sync with the Podfile.lock. Run 'pod install' or update your CocoaPods installation.\" >&2\n    exit 1\nfi\n# This output is used by Xcode 'outputs' to avoid re-running this script phase.\necho \"SUCCESS\" > \"${SCRIPT_OUTPUT_FILE_0}\"\n";
			showEnvVarsInLog = 0;
		};
/* End PBXShellScriptBuildPhase section */

/* Begin PBXSourcesBuildPhase section */
		75192ACF2A53FD1700A22E55 /* Sources */ = {
			isa = PBXSourcesBuildPhase;
			buildActionMask = 2147483647;
			files = (
				75192ADB2A53FD1700A22E55 /* ViewController.swift in Sources */,
				75192AD72A53FD1700A22E55 /* AppDelegate.swift in Sources */,
				75192AD92A53FD1700A22E55 /* SceneDelegate.swift in Sources */,
			);
			runOnlyForDeploymentPostprocessing = 0;
		};
/* End PBXSourcesBuildPhase section */

/* Begin PBXVariantGroup section */
		75192ADC2A53FD1700A22E55 /* Main.storyboard */ = {
			isa = PBXVariantGroup;
			children = (
				75192ADD2A53FD1700A22E55 /* Base */,
			);
			name = Main.storyboard;
			sourceTree = "<group>";
		};
		75192AE12A53FD1900A22E55 /* LaunchScreen.storyboard */ = {
			isa = PBXVariantGroup;
			children = (
				75192AE22A53FD1900A22E55 /* Base */,
			);
			name = LaunchScreen.storyboard;
			sourceTree = "<group>";
		};
/* End PBXVariantGroup section */

/* Begin XCBuildConfiguration section */
		75192AE52A53FD1900A22E55 /* Debug */ = {
			isa = XCBuildConfiguration;
			buildSettings = {
				ALWAYS_SEARCH_USER_PATHS = NO;
				CLANG_ANALYZER_NONNULL = YES;
				CLANG_ANALYZER_NUMBER_OBJECT_CONVERSION = YES_AGGRESSIVE;
				CLANG_CXX_LANGUAGE_STANDARD = "gnu++20";
				CLANG_ENABLE_MODULES = YES;
				CLANG_ENABLE_OBJC_ARC = YES;
				CLANG_ENABLE_OBJC_WEAK = YES;
				CLANG_WARN_BLOCK_CAPTURE_AUTORELEASING = YES;
				CLANG_WARN_BOOL_CONVERSION = YES;
				CLANG_WARN_COMMA = YES;
				CLANG_WARN_CONSTANT_CONVERSION = YES;
				CLANG_WARN_DEPRECATED_OBJC_IMPLEMENTATIONS = YES;
				CLANG_WARN_DIRECT_OBJC_ISA_USAGE = YES_ERROR;
				CLANG_WARN_DOCUMENTATION_COMMENTS = YES;
				CLANG_WARN_EMPTY_BODY = YES;
				CLANG_WARN_ENUM_CONVERSION = YES;
				CLANG_WARN_INFINITE_RECURSION = YES;
				CLANG_WARN_INT_CONVERSION = YES;
				CLANG_WARN_NON_LITERAL_NULL_CONVERSION = YES;
				CLANG_WARN_OBJC_IMPLICIT_RETAIN_SELF = YES;
				CLANG_WARN_OBJC_LITERAL_CONVERSION = YES;
				CLANG_WARN_OBJC_ROOT_CLASS = YES_ERROR;
				CLANG_WARN_QUOTED_INCLUDE_IN_FRAMEWORK_HEADER = YES;
				CLANG_WARN_RANGE_LOOP_ANALYSIS = YES;
				CLANG_WARN_STRICT_PROTOTYPES = YES;
				CLANG_WARN_SUSPICIOUS_MOVE = YES;
				CLANG_WARN_UNGUARDED_AVAILABILITY = YES_AGGRESSIVE;
				CLANG_WARN_UNREACHABLE_CODE = YES;
				CLANG_WARN__DUPLICATE_METHOD_MATCH = YES;
				COPY_PHASE_STRIP = NO;
				DEBUG_INFORMATION_FORMAT = dwarf;
				ENABLE_STRICT_OBJC_MSGSEND = YES;
				ENABLE_TESTABILITY = YES;
				GCC_C_LANGUAGE_STANDARD = gnu11;
				GCC_DYNAMIC_NO_PIC = NO;
				GCC_NO_COMMON_BLOCKS = YES;
				GCC_OPTIMIZATION_LEVEL = 0;
				GCC_PREPROCESSOR_DEFINITIONS = (
					"DEBUG=1",
					"$(inherited)",
				);
				GCC_WARN_64_TO_32_BIT_CONVERSION = YES;
				GCC_WARN_ABOUT_RETURN_TYPE = YES_ERROR;
				GCC_WARN_UNDECLARED_SELECTOR = YES;
				GCC_WARN_UNINITIALIZED_AUTOS = YES_AGGRESSIVE;
				GCC_WARN_UNUSED_FUNCTION = YES;
				GCC_WARN_UNUSED_VARIABLE = YES;
				IPHONEOS_DEPLOYMENT_TARGET = 16.1;
				MTL_ENABLE_DEBUG_INFO = INCLUDE_SOURCE;
				MTL_FAST_MATH = YES;
				ONLY_ACTIVE_ARCH = YES;
				SDKROOT = iphoneos;
				SWIFT_ACTIVE_COMPILATION_CONDITIONS = DEBUG;
				SWIFT_OPTIMIZATION_LEVEL = "-Onone";
			};
			name = Debug;
		};
		75192AE62A53FD1900A22E55 /* Release */ = {
			isa = XCBuildConfiguration;
			buildSettings = {
				ALWAYS_SEARCH_USER_PATHS = NO;
				CLANG_ANALYZER_NONNULL = YES;
				CLANG_ANALYZER_NUMBER_OBJECT_CONVERSION = YES_AGGRESSIVE;
				CLANG_CXX_LANGUAGE_STANDARD = "gnu++20";
				CLANG_ENABLE_MODULES = YES;
				CLANG_ENABLE_OBJC_ARC = YES;
				CLANG_ENABLE_OBJC_WEAK = YES;
				CLANG_WARN_BLOCK_CAPTURE_AUTORELEASING = YES;
				CLANG_WARN_BOOL_CONVERSION = YES;
				CLANG_WARN_COMMA = YES;
				CLANG_WARN_CONSTANT_CONVERSION = YES;
				CLANG_WARN_DEPRECATED_OBJC_IMPLEMENTATIONS = YES;
				CLANG_WARN_DIRECT_OBJC_ISA_USAGE = YES_ERROR;
				CLANG_WARN_DOCUMENTATION_COMMENTS = YES;
				CLANG_WARN_EMPTY_BODY = YES;
				CLANG_WARN_ENUM_CONVERSION = YES;
				CLANG_WARN_INFINITE_RECURSION = YES;
				CLANG_WARN_INT_CONVERSION = YES;
				CLANG_WARN_NON_LITERAL_NULL_CONVERSION = YES;
				CLANG_WARN_OBJC_IMPLICIT_RETAIN_SELF = YES;
				CLANG_WARN_OBJC_LITERAL_CONVERSION = YES;
				CLANG_WARN_OBJC_ROOT_CLASS = YES_ERROR;
				CLANG_WARN_QUOTED_INCLUDE_IN_FRAMEWORK_HEADER = YES;
				CLANG_WARN_RANGE_LOOP_ANALYSIS = YES;
				CLANG_WARN_STRICT_PROTOTYPES = YES;
				CLANG_WARN_SUSPICIOUS_MOVE = YES;
				CLANG_WARN_UNGUARDED_AVAILABILITY = YES_AGGRESSIVE;
				CLANG_WARN_UNREACHABLE_CODE = YES;
				CLANG_WARN__DUPLICATE_METHOD_MATCH = YES;
				COPY_PHASE_STRIP = NO;
				DEBUG_INFORMATION_FORMAT = "dwarf-with-dsym";
				ENABLE_NS_ASSERTIONS = NO;
				ENABLE_STRICT_OBJC_MSGSEND = YES;
				GCC_C_LANGUAGE_STANDARD = gnu11;
				GCC_NO_COMMON_BLOCKS = YES;
				GCC_WARN_64_TO_32_BIT_CONVERSION = YES;
				GCC_WARN_ABOUT_RETURN_TYPE = YES_ERROR;
				GCC_WARN_UNDECLARED_SELECTOR = YES;
				GCC_WARN_UNINITIALIZED_AUTOS = YES_AGGRESSIVE;
				GCC_WARN_UNUSED_FUNCTION = YES;
				GCC_WARN_UNUSED_VARIABLE = YES;
				IPHONEOS_DEPLOYMENT_TARGET = 16.1;
				MTL_ENABLE_DEBUG_INFO = NO;
				MTL_FAST_MATH = YES;
				SDKROOT = iphoneos;
				SWIFT_COMPILATION_MODE = wholemodule;
				SWIFT_OPTIMIZATION_LEVEL = "-O";
				VALIDATE_PRODUCT = YES;
			};
			name = Release;
		};
		75192AE82A53FD1900A22E55 /* Debug */ = {
			isa = XCBuildConfiguration;
			baseConfigurationReference = 77834FCE5D02376E74749E05 /* Pods-Auropay Swift DemoApp.debug.xcconfig */;
			buildSettings = {
				ASSETCATALOG_COMPILER_APPICON_NAME = AppIcon;
				ASSETCATALOG_COMPILER_GLOBAL_ACCENT_COLOR_NAME = AccentColor;
				"CODE_SIGN_IDENTITY[sdk=iphoneos*]" = "iPhone Developer";
				CODE_SIGN_STYLE = Manual;
				CURRENT_PROJECT_VERSION = 1;
				DEVELOPMENT_TEAM = "";
				"DEVELOPMENT_TEAM[sdk=iphoneos*]" = UQ53SAPLRK;
				GENERATE_INFOPLIST_FILE = YES;
				INFOPLIST_FILE = "Auropay Swift DemoApp/Info.plist";
				INFOPLIST_KEY_NSCameraUsageDescription = "$(PRODUCT_NAME) wants to use camera to scan card details.";
				INFOPLIST_KEY_UIApplicationSupportsIndirectInputEvents = YES;
				INFOPLIST_KEY_UILaunchStoryboardName = LaunchScreen;
				INFOPLIST_KEY_UIMainStoryboardFile = Main;
				INFOPLIST_KEY_UIStatusBarStyle = "";
				INFOPLIST_KEY_UISupportedInterfaceOrientations = UIInterfaceOrientationPortrait;
				INFOPLIST_KEY_UISupportedInterfaceOrientations_iPad = "UIInterfaceOrientationLandscapeLeft UIInterfaceOrientationLandscapeRight UIInterfaceOrientationPortrait UIInterfaceOrientationPortraitUpsideDown";
				INFOPLIST_KEY_UIUserInterfaceStyle = Light;
				LD_RUNPATH_SEARCH_PATHS = (
					"$(inherited)",
					"@executable_path/Frameworks",
				);
				MARKETING_VERSION = 1.0;
				PRODUCT_BUNDLE_IDENTIFIER = net.auropay.swiftdemo;
				PRODUCT_NAME = "$(TARGET_NAME)";
				PROVISIONING_PROFILE_SPECIFIER = "";
				"PROVISIONING_PROFILE_SPECIFIER[sdk=iphoneos*]" = AuroPay_DemoApp_Development;
				SUPPORTED_PLATFORMS = "iphoneos iphonesimulator";
				SUPPORTS_MACCATALYST = NO;
				SUPPORTS_MAC_DESIGNED_FOR_IPHONE_IPAD = NO;
				SWIFT_EMIT_LOC_STRINGS = YES;
				SWIFT_VERSION = 5.0;
				TARGETED_DEVICE_FAMILY = 1;
			};
			name = Debug;
		};
		75192AE92A53FD1900A22E55 /* Release */ = {
			isa = XCBuildConfiguration;
			baseConfigurationReference = 9049815143F5D18459BE0801 /* Pods-Auropay Swift DemoApp.release.xcconfig */;
			buildSettings = {
				ASSETCATALOG_COMPILER_APPICON_NAME = AppIcon;
				ASSETCATALOG_COMPILER_GLOBAL_ACCENT_COLOR_NAME = AccentColor;
				"CODE_SIGN_IDENTITY[sdk=iphoneos*]" = "iPhone Developer";
				CODE_SIGN_STYLE = Manual;
				CURRENT_PROJECT_VERSION = 1;
				DEVELOPMENT_TEAM = "";
				"DEVELOPMENT_TEAM[sdk=iphoneos*]" = UQ53SAPLRK;
				GENERATE_INFOPLIST_FILE = YES;
				INFOPLIST_FILE = "Auropay Swift DemoApp/Info.plist";
				INFOPLIST_KEY_NSCameraUsageDescription = "$(PRODUCT_NAME) wants to use camera to scan card details.";
				INFOPLIST_KEY_UIApplicationSupportsIndirectInputEvents = YES;
				INFOPLIST_KEY_UILaunchStoryboardName = LaunchScreen;
				INFOPLIST_KEY_UIMainStoryboardFile = Main;
				INFOPLIST_KEY_UIStatusBarStyle = "";
				INFOPLIST_KEY_UISupportedInterfaceOrientations = UIInterfaceOrientationPortrait;
				INFOPLIST_KEY_UISupportedInterfaceOrientations_iPad = "UIInterfaceOrientationLandscapeLeft UIInterfaceOrientationLandscapeRight UIInterfaceOrientationPortrait UIInterfaceOrientationPortraitUpsideDown";
				INFOPLIST_KEY_UIUserInterfaceStyle = Light;
				LD_RUNPATH_SEARCH_PATHS = (
					"$(inherited)",
					"@executable_path/Frameworks",
				);
				MARKETING_VERSION = 1.0;
				PRODUCT_BUNDLE_IDENTIFIER = net.auropay.swiftdemo;
				PRODUCT_NAME = "$(TARGET_NAME)";
				PROVISIONING_PROFILE_SPECIFIER = "";
				"PROVISIONING_PROFILE_SPECIFIER[sdk=iphoneos*]" = AuroPay_DemoApp_Development;
				SUPPORTED_PLATFORMS = "iphoneos iphonesimulator";
				SUPPORTS_MACCATALYST = NO;
				SUPPORTS_MAC_DESIGNED_FOR_IPHONE_IPAD = NO;
				SWIFT_EMIT_LOC_STRINGS = YES;
				SWIFT_VERSION = 5.0;
				TARGETED_DEVICE_FAMILY = 1;
			};
			name = Release;
		};
/* End XCBuildConfiguration section */

/* Begin XCConfigurationList section */
		75192ACE2A53FD1700A22E55 /* Build configuration list for PBXProject "Auropay Swift DemoApp" */ = {
			isa = XCConfigurationList;
			buildConfigurations = (
				75192AE52A53FD1900A22E55 /* Debug */,
				75192AE62A53FD1900A22E55 /* Release */,
			);
			defaultConfigurationIsVisible = 0;
			defaultConfigurationName = Release;
		};
		75192AE72A53FD1900A22E55 /* Build configuration list for PBXNativeTarget "Auropay Swift DemoApp" */ = {
			isa = XCConfigurationList;
			buildConfigurations = (
				75192AE82A53FD1900A22E55 /* Debug */,
				75192AE92A53FD1900A22E55 /* Release */,
			);
			defaultConfigurationIsVisible = 0;
			defaultConfigurationName = Release;
		};
/* End XCConfigurationList section */
	};
	rootObject = 75192ACB2A53FD1700A22E55 /* Project object */;
}
